
Microsoft Visual Studio Solution File, Format Version 12.00
# Visual Studio Version 16
VisualStudioVersion = 16.0.30717.126
MinimumVisualStudioVersion = 10.0.40219.1
Project("{9A19103F-16F7-4668-BE54-9A1E7A4F7556}") = "DiscordBot", "DiscordBot.csproj", "{31258C23-50E7-42EE-9E78-3773B6D4BBDE}"
EndProject
Project("{FAE04EC0-301F-11D3-BF4B-00C04F79EFBC}") = "BotWorker", "BotWorker\BotWorker.csproj", "{AD8870C0-BBF5-4024-8FD1-FFB3D6F971A8}"
EndProject
Global
	GlobalSection(SolutionConfigurationPlatforms) = preSolution
		Debug|Any CPU = Debug|Any CPU
		Release|Any CPU = Release|Any CPU
	EndGlobalSection
	GlobalSection(ProjectConfigurationPlatforms) = postSolution
		{31258C23-50E7-42EE-9E78-3773B6D4BBDE}.Debug|Any CPU.ActiveCfg = Debug|Any CPU
		{31258C23-50E7-42EE-9E78-3773B6D4BBDE}.Debug|Any CPU.Build.0 = Debug|Any CPU
		{31258C23-50E7-42EE-9E78-3773B6D4BBDE}.Release|Any CPU.ActiveCfg = Release|Any CPU
		{31258C23-50E7-42EE-9E78-3773B6D4BBDE}.Release|Any CPU.Build.0 = Release|Any CPU
		{AD8870C0-BBF5-4024-8FD1-FFB3D6F971A8}.Debug|Any CPU.ActiveCfg = Debug|Any CPU
		{AD8870C0-BBF5-4024-8FD1-FFB3D6F971A8}.Debug|Any CPU.Build.0 = Debug|Any CPU
		{AD8870C0-BBF5-4024-8FD1-FFB3D6F971A8}.Release|Any CPU.ActiveCfg = Release|Any CPU
		{AD8870C0-BBF5-4024-8FD1-FFB3D6F971A8}.Release|Any CPU.Build.0 = Release|Any CPU
	EndGlobalSection
	GlobalSection(SolutionProperties) = preSolution
		HideSolutionNode = FALSE
	EndGlobalSection
	GlobalSection(ExtensibilityGlobals) = postSolution
		SolutionGuid = {DF71A159-678B-4369-BA81-0873E8E3493F}
	EndGlobalSection
EndGlobal
